{
  "version": 2,
  "dependencies": {
    "net10.0": {
      "Meziantou.Analyzer": {
        "type": "Direct",
        "requested": "[3.0.90, )",
        "resolved": "3.0.90",
        "contentHash": "QQh5w2Q3Nz5gn0GeeP7Mezl8CraeF4usEnkOPd5TE+zo6aOTkcUbMhJjV27REXHGldJJwbHn0vkpeDAWhHDL8g=="
      },
      "Microsoft.NET.ILLink.Tasks": {
        "type": "Direct",
        "requested": "[10.0.8, )",
        "resolved": "10.0.8",
        "contentHash": "dVbSXGIFNR5nZcv2tOLoWI+a9T4jtFd77IYjuND+QVe360qWgAF7H0WtoopYhRw/+SgpGUTyrkrh+65+ClNnfw=="
      }
    },
    "net10.0/linux-x64": {},
    "net10.0/win-x64": {}
  }
}