{
  "version": 2,
  "dependencies": {
    "net10.0": {
      "Meziantou.Analyzer": {
        "type": "Direct",
        "requested": "[3.0.101, )",
        "resolved": "3.0.101",
        "contentHash": "j5Gq/2urhIIbb6abWnhxWkM0DOYjYCiiGX7E3E3qLaF+n5vLOyUhBsErn9DOX84LvO3S+RTpWn/ECs4ziVTPfA=="
      },
      "Microsoft.NET.ILLink.Tasks": {
        "type": "Direct",
        "requested": "[10.0.8, )",
        "resolved": "10.0.8",
        "contentHash": "dVbSXGIFNR5nZcv2tOLoWI+a9T4jtFd77IYjuND+QVe360qWgAF7H0WtoopYhRw/+SgpGUTyrkrh+65+ClNnfw=="
      }
    },
    "net10.0/linux-x64": {},
    "net10.0/win-x64": {}
  }
}