{
  "version": 2,
  "dependencies": {
    "net9.0": {
      "Meziantou.Analyzer": {
        "type": "Direct",
        "requested": "[2.0.264, )",
        "resolved": "2.0.264",
        "contentHash": "zRG13RDG446rZNdd/YjKRd4utpbjleRDUqNQSrX0etMnH8Rz9NBlXUpS5aR2ExoOokhNfkdOW8HpLzjLj5x0hQ=="
      },
      "Microsoft.Extensions.Configuration": {
        "type": "Direct",
        "requested": "[9.0.11, )",
        "resolved": "9.0.11",
        "contentHash": "4ceMQRCIMP9AxxZOQ0k+xYXCfgSEmEsnt6s0o/KkpeLqwm3kGKBbsiJlyMk56GnKJtk4SI7nTpIIzb+Qdk+FMQ==",
        "dependencies": {
          "Microsoft.Extensions.Configuration.Abstractions": "9.0.11",
          "Microsoft.Extensions.Primitives": "9.0.11"
        }
      },
      "Microsoft.Extensions.Configuration.Binder": {
        "type": "Direct",
        "requested": "[9.0.11, )",
        "resolved": "9.0.11",
        "contentHash": "iPE1jROL5uK/6iJSRzwpEIJt6BuANN36Io+6bLss67JVjbG6DdVedrMnB9nqsxs+Lx3X9RxvARTgFsUgP0MB0g==",
        "dependencies": {
          "Microsoft.Extensions.Configuration.Abstractions": "9.0.11"
        }
      },
      "Microsoft.Extensions.Configuration.Json": {
        "type": "Direct",
        "requested": "[9.0.11, )",
        "resolved": "9.0.11",
        "contentHash": "OCcePObZ8EWviNbLmNdbWMgxsTxS0ar/PZj0rhFA1WSuv6JWsJAhlA6FXlMpa7k+1R/UQD0UT8GoRXyAvptghA==",
        "dependencies": {
          "Microsoft.Extensions.Configuration": "9.0.11",
          "Microsoft.Extensions.Configuration.Abstractions": "9.0.11",
          "Microsoft.Extensions.Configuration.FileExtensions": "9.0.11",
          "Microsoft.Extensions.FileProviders.Abstractions": "9.0.11"
        }
      },
      "Microsoft.Extensions.DependencyInjection": {
        "type": "Direct",
        "requested": "[9.0.11, )",
        "resolved": "9.0.11",
        "contentHash": "UquyDzvz0EneIQrrU67GJkIgynS+VD7t+RDtNv6VgKMOFrLBjldn6hzlXppGGecFMvAkMTqn4T8RYvzw7j7fQA==",
        "dependencies": {
          "Microsoft.Extensions.DependencyInjection.Abstractions": "9.0.11"
        }
      },
      "Microsoft.Extensions.Http": {
        "type": "Direct",
        "requested": "[9.0.11, )",
        "resolved": "9.0.11",
        "contentHash": "QEa12ESaPAKR3M40N8dawVd+LPOgxCrGsUmC7Myfhn44AQiWh7X9PiTAagrAnJSaGqsb+yx+KRNSjrm8wx1TVQ==",
        "dependencies": {
          "Microsoft.Extensions.Configuration.Abstractions": "9.0.11",
          "Microsoft.Extensions.DependencyInjection.Abstractions": "9.0.11",
          "Microsoft.Extensions.Diagnostics": "9.0.11",
          "Microsoft.Extensions.Logging": "9.0.11",
          "Microsoft.Extensions.Logging.Abstractions": "9.0.11",
          "Microsoft.Extensions.Options": "9.0.11"
        }
      },
      "Microsoft.Extensions.Options": {
        "type": "Direct",
        "requested": "[9.0.11, )",
        "resolved": "9.0.11",
        "contentHash": "HX4M3BLkW1dtByMKHDVq6r7Jy6e4hf8NDzHpIgz7C8BtYk9JQHhfYX5c1UheQTD5Veg1yBhz/cD9C8vtrGrk9w==",
        "dependencies": {
          "Microsoft.Extensions.DependencyInjection.Abstractions": "9.0.11",
          "Microsoft.Extensions.Primitives": "9.0.11"
        }
      },
      "Microsoft.NET.ILLink.Tasks": {
        "type": "Direct",
        "requested": "[9.0.11, )",
        "resolved": "9.0.11",
        "contentHash": "vvB9rtDmWaXgYkViT00KORBVmA3pcYsHlgd9vOPqL9sf5bKy3rvLMF1+sI1uUfVj28S3itirHlHmX5/kcpZKNw=="
      },
      "Microsoft.Extensions.Configuration.FileExtensions": {
        "type": "Transitive",
        "resolved": "9.0.11",
        "contentHash": "gHYodEKKbVOQyuS1LTu2ybLQmui9l9/GfYJVUzQrywTgOpNMlqRxRaDw91jaNbinUtiiGSQAm+v35Dw09IIL6Q==",
        "dependencies": {
          "Microsoft.Extensions.Configuration": "9.0.11",
          "Microsoft.Extensions.Configuration.Abstractions": "9.0.11",
          "Microsoft.Extensions.FileProviders.Abstractions": "9.0.11",
          "Microsoft.Extensions.FileProviders.Physical": "9.0.11",
          "Microsoft.Extensions.Primitives": "9.0.11"
        }
      },
      "Microsoft.Extensions.Diagnostics": {
        "type": "Transitive",
        "resolved": "9.0.11",
        "contentHash": "WkriTCwxW0QbIgPYXGy329wQKcS4lmstwwysCHcjok2acPd626ysPcwMpw1pSBNzkdkMsqcbcJLlpVc9kP/YiQ==",
        "dependencies": {
          "Microsoft.Extensions.Configuration": "9.0.11",
          "Microsoft.Extensions.Diagnostics.Abstractions": "9.0.11",
          "Microsoft.Extensions.Options.ConfigurationExtensions": "9.0.11"
        }
      },
      "Microsoft.Extensions.Diagnostics.Abstractions": {
        "type": "Transitive",
        "resolved": "9.0.11",
        "contentHash": "D9gu4weEmvWGuz8zp5xwsOr0ldmWphMKr7+IW66hG4rnrgpMLtTWoOINBOX5mcRTPL39+AVd3BJdc4HTvl2NrA==",
        "dependencies": {
          "Microsoft.Extensions.DependencyInjection.Abstractions": "9.0.11",
          "Microsoft.Extensions.Options": "9.0.11"
        }
      },
      "Microsoft.Extensions.FileProviders.Abstractions": {
        "type": "Transitive",
        "resolved": "9.0.11",
        "contentHash": "YEPsXWcoNde6J6W/MMjIuNQMPkKTL4NS0AJ1rsAt48+GuJYoZU+Mi4T8PwyzYGDLxhUsH3Wa32DlbKtDkzT40A==",
        "dependencies": {
          "Microsoft.Extensions.Primitives": "9.0.11"
        }
      },
      "Microsoft.Extensions.FileProviders.Physical": {
        "type": "Transitive",
        "resolved": "9.0.11",
        "contentHash": "PJmQlhkNrYoIZXyQ3lSavqDJIBhmFOBUyq5oFmcflXcv3S3Y5Z1pX1zJVjdG1jjJzhB9DH9LMt7cgjqaqsLnTA==",
        "dependencies": {
          "Microsoft.Extensions.FileProviders.Abstractions": "9.0.11",
          "Microsoft.Extensions.FileSystemGlobbing": "9.0.11",
          "Microsoft.Extensions.Primitives": "9.0.11"
        }
      },
      "Microsoft.Extensions.FileSystemGlobbing": {
        "type": "Transitive",
        "resolved": "9.0.11",
        "contentHash": "v1sCr/49hkpE6hXwrgDbELyG0Og7S3S3mJNFaWAS1grCVNaB3EhyJtWmnNbw04CKK4/H90Kckd7JBU6y8xu6sw=="
      },
      "Microsoft.Extensions.Options.ConfigurationExtensions": {
        "type": "Transitive",
        "resolved": "9.0.11",
        "contentHash": "HUzr4c1eMXCQN8Yre2JdCzYmLJAecFGVXfByVhjEY4jBaHIs8EAxdv72WMUa2GcROlkYPbYNzMbcqJPMiznHxw==",
        "dependencies": {
          "Microsoft.Extensions.Configuration.Abstractions": "9.0.11",
          "Microsoft.Extensions.Configuration.Binder": "9.0.11",
          "Microsoft.Extensions.DependencyInjection.Abstractions": "9.0.11",
          "Microsoft.Extensions.Options": "9.0.11",
          "Microsoft.Extensions.Primitives": "9.0.11"
        }
      },
      "Std.UriTemplate": {
        "type": "Transitive",
        "resolved": "2.0.8",
        "contentHash": "IAR4gJlLVD4r/FsU/rDb1+9sbB3/tCFVZz5IzlbM2yHoiUisBi5Ek/KXRUF7RcqNARka79EoaOz9INnXvQ/O6w=="
      },
      "aviationexam.paypalsdk.common": {
        "type": "Project",
        "dependencies": {
          "Microsoft.Extensions.Caching.Abstractions": "[9.0.11, )",
          "Microsoft.Extensions.Configuration": "[9.0.11, )",
          "Microsoft.Extensions.Configuration.Abstractions": "[9.0.11, )",
          "Microsoft.Extensions.Configuration.Binder": "[9.0.11, )",
          "Microsoft.Extensions.DependencyInjection": "[9.0.11, )",
          "Microsoft.Extensions.DependencyInjection.Abstractions": "[9.0.11, )",
          "Microsoft.Extensions.Http": "[9.0.11, )",
          "Microsoft.Extensions.Logging": "[9.0.11, )",
          "Microsoft.Extensions.Logging.Abstractions": "[9.0.11, )",
          "Microsoft.Extensions.Options": "[9.0.11, )",
          "Microsoft.Extensions.Primitives": "[9.0.11, )",
          "Microsoft.Kiota.Abstractions": "[1.21.1, )",
          "Microsoft.Kiota.Http.HttpClientLibrary": "[1.21.1, )",
          "Microsoft.Kiota.Serialization.Form": "[1.21.1, )",
          "Microsoft.Kiota.Serialization.Json": "[1.21.1, )",
          "Microsoft.Kiota.Serialization.Multipart": "[1.21.1, )",
          "Microsoft.Kiota.Serialization.Text": "[1.21.1, )"
        }
      },
      "Microsoft.Extensions.Caching.Abstractions": {
        "type": "CentralTransitive",
        "requested": "[9.0.11, )",
        "resolved": "9.0.11",
        "contentHash": "PRv1SPyrgl/ullMF6eKDuEULRkTc10fVcnWvzFhqIMDA3m5f91znKH9ZNsKZBgu4xVc4ulNt7TEXyyt0rdlB3g==",
        "dependencies": {
          "Microsoft.Extensions.Primitives": "9.0.11"
        }
      },
      "Microsoft.Extensions.Configuration.Abstractions": {
        "type": "CentralTransitive",
        "requested": "[9.0.11, )",
        "resolved": "9.0.11",
        "contentHash": "g23//mPpMa33QdJkLujJICoCRbiLFpiQ4XbROG9JdeDI6/sM+qZPB2t5SmUWNM8GwY8dYW3NucxlZDFe8s3NAQ==",
        "dependencies": {
          "Microsoft.Extensions.Primitives": "9.0.11"
        }
      },
      "Microsoft.Extensions.DependencyInjection.Abstractions": {
        "type": "CentralTransitive",
        "requested": "[9.0.11, )",
        "resolved": "9.0.11",
        "contentHash": "+ZxxZzcVU+IEzq12GItUzf/V3mEc5nSLiXijwvDc4zyhbjvSZZ043giSZqGnhakrjwRWjkerIHPrRwm9okEIpw=="
      },
      "Microsoft.Extensions.Logging": {
        "type": "CentralTransitive",
        "requested": "[9.0.11, )",
        "resolved": "9.0.11",
        "contentHash": "PVHYgMmMZFEE3PGpc7oZ9CnoyNonNyT5klrV9pNIzCPxL12FpQ7kNhliXAwowmtaDVBmKnG/1db6d7gqPwDj8g==",
        "dependencies": {
          "Microsoft.Extensions.DependencyInjection": "9.0.11",
          "Microsoft.Extensions.Logging.Abstractions": "9.0.11",
          "Microsoft.Extensions.Options": "9.0.11"
        }
      },
      "Microsoft.Extensions.Logging.Abstractions": {
        "type": "CentralTransitive",
        "requested": "[9.0.11, )",
        "resolved": "9.0.11",
        "contentHash": "UKWFTDwtZQIoypyt1YPVsxTnDK+0sKn26+UeSGeNlkRQddrkt9EC6kP4g94rgO/WOZkz94bKNlF1dVZN3QfPFQ==",
        "dependencies": {
          "Microsoft.Extensions.DependencyInjection.Abstractions": "9.0.11"
        }
      },
      "Microsoft.Extensions.Primitives": {
        "type": "CentralTransitive",
        "requested": "[9.0.11, )",
        "resolved": "9.0.11",
        "contentHash": "rtUNSIhbQTv8iSBTFvtg2b/ZUkoqC9qAH9DdC2hr+xPpoZrxiCITci9UR/ELUGUGnGUrF8Xye+tGVRhCxE+4LA=="
      },
      "Microsoft.Kiota.Abstractions": {
        "type": "CentralTransitive",
        "requested": "[1.21.1, )",
        "resolved": "1.21.1",
        "contentHash": "YBpZfvokZQelMoY4ITx7kjSpP0MvTb1+c2bbcepu36Yo2MzAUToxX1g2CdQ1idnafk2V+t3W7tSnIGdkSD65pA==",
        "dependencies": {
          "Std.UriTemplate": "2.0.8"
        }
      },
      "Microsoft.Kiota.Http.HttpClientLibrary": {
        "type": "CentralTransitive",
        "requested": "[1.21.1, )",
        "resolved": "1.21.1",
        "contentHash": "qdhTMpnZMEvbkU24v79w1TFKKcpn8epVr2ViMhk/NWLKUQbvoc7C6zC/yHeY//wcWXaE4vUQZpVnlAN/M7UAug==",
        "dependencies": {
          "Microsoft.Kiota.Abstractions": "1.21.1"
        }
      },
      "Microsoft.Kiota.Serialization.Form": {
        "type": "CentralTransitive",
        "requested": "[1.21.1, )",
        "resolved": "1.21.1",
        "contentHash": "g3W1N1IpfJBiuJoEGAzuGtN6uH1yqbs84Ws30l+Kc1TS2wDOCqamUl2UrbEkslF8rP7dwZ1VPL1tb8q/8XF0LA==",
        "dependencies": {
          "Microsoft.Kiota.Abstractions": "1.21.1"
        }
      },
      "Microsoft.Kiota.Serialization.Json": {
        "type": "CentralTransitive",
        "requested": "[1.21.1, )",
        "resolved": "1.21.1",
        "contentHash": "TTfIOHtPqunXwv7vnkHPPwNvomhHEiuEX0X2GCV0mGNAZkPwNYJLfMU2X6WKTqgkctCK5s4g0DwQmyQWcX7zXQ==",
        "dependencies": {
          "Microsoft.Kiota.Abstractions": "1.21.1"
        }
      },
      "Microsoft.Kiota.Serialization.Multipart": {
        "type": "CentralTransitive",
        "requested": "[1.21.1, )",
        "resolved": "1.21.1",
        "contentHash": "KyVM793eLwyQhGTiR5PvnjsRNBSSP735UlxUnwGoe1jx1yvOmH5BP3QIrdXH/6iEEsbjHXmt9s02ShO0bOgpAw==",
        "dependencies": {
          "Microsoft.Kiota.Abstractions": "1.21.1"
        }
      },
      "Microsoft.Kiota.Serialization.Text": {
        "type": "CentralTransitive",
        "requested": "[1.21.1, )",
        "resolved": "1.21.1",
        "contentHash": "L2G8IAedvUR0cfx7/kUSzK9xOymp7jC11mfYVvUM6RltIYlxZwnfISezo5HwuSu71ESDQ1ddxtKQ6TubVDn8uA==",
        "dependencies": {
          "Microsoft.Kiota.Abstractions": "1.21.1"
        }
      }
    },
    "net9.0/linux-x64": {},
    "net9.0/win-x64": {}
  }
}